
Microsoft Visual Studio Solution File, Format Version 12.00
Project("{FAE04EC0-301F-11D3-BF4B-00C04F79EFBC}") = "SoundcloudNotifier", "SoundcloudNotifier\SoundcloudNotifier.csproj", "{FD5256E8-8ED8-4F74-BD64-C45A210DB23B}"
EndProject
Global
	GlobalSection(SolutionConfigurationPlatforms) = preSolution
		Debug|Any CPU = Debug|Any CPU
		Release|Any CPU = Release|Any CPU
	EndGlobalSection
	GlobalSection(ProjectConfigurationPlatforms) = postSolution
		{FD5256E8-8ED8-4F74-BD64-C45A210DB23B}.Debug|Any CPU.ActiveCfg = Debug|Any CPU
		{FD5256E8-8ED8-4F74-BD64-C45A210DB23B}.Debug|Any CPU.Build.0 = Debug|Any CPU
		{FD5256E8-8ED8-4F74-BD64-C45A210DB23B}.Release|Any CPU.ActiveCfg = Release|Any CPU
		{FD5256E8-8ED8-4F74-BD64-C45A210DB23B}.Release|Any CPU.Build.0 = Release|Any CPU
	EndGlobalSection
EndGlobal
